
Microsoft Visual Studio Solution File, Format Version 12.00
# Visual Studio Version 16
VisualStudioVersion = 16.0.32106.194
MinimumVisualStudioVersion = 10.0.40219.1
Project("{FAE04EC0-301F-11D3-BF4B-00C04F79EFBC}") = "while_dowhile", "while_dowhile.csproj", "{0CB97137-7327-4B96-9A7A-0813CE859AB7}"
EndProject
Global
	GlobalSection(SolutionConfigurationPlatforms) = preSolution
		Debug|Any CPU = Debug|Any CPU
		Release|Any CPU = Release|Any CPU
	EndGlobalSection
	GlobalSection(ProjectConfigurationPlatforms) = postSolution
		{0CB97137-7327-4B96-9A7A-0813CE859AB7}.Debug|Any CPU.ActiveCfg = Debug|Any CPU
		{0CB97137-7327-4B96-9A7A-0813CE859AB7}.Debug|Any CPU.Build.0 = Debug|Any CPU
		{0CB97137-7327-4B96-9A7A-0813CE859AB7}.Release|Any CPU.ActiveCfg = Release|Any CPU
		{0CB97137-7327-4B96-9A7A-0813CE859AB7}.Release|Any CPU.Build.0 = Release|Any CPU
	EndGlobalSection
	GlobalSection(SolutionProperties) = preSolution
		HideSolutionNode = FALSE
	EndGlobalSection
	GlobalSection(ExtensibilityGlobals) = postSolution
		SolutionGuid = {178199A1-9F78-43D1-AF0F-7352058ABCC3}
	EndGlobalSection
EndGlobal
